
Microsoft Visual Studio Solution File, Format Version 12.00
# Visual Studio Version 16
VisualStudioVersion = 16.0.30503.244
MinimumVisualStudioVersion = 10.0.40219.1
Project("{FAE04EC0-301F-11D3-BF4B-00C04F79EFBC}") = "Principal", "Principal\Principal.csproj", "{44A560E5-C73F-438C-9A8A-2CF269E212B3}"
EndProject
Global
	GlobalSection(SolutionConfigurationPlatforms) = preSolution
		Debug|Any CPU = Debug|Any CPU
		Release|Any CPU = Release|Any CPU
	EndGlobalSection
	GlobalSection(ProjectConfigurationPlatforms) = postSolution
		{44A560E5-C73F-438C-9A8A-2CF269E212B3}.Debug|Any CPU.ActiveCfg = Debug|Any CPU
		{44A560E5-C73F-438C-9A8A-2CF269E212B3}.Debug|Any CPU.Build.0 = Debug|Any CPU
		{44A560E5-C73F-438C-9A8A-2CF269E212B3}.Release|Any CPU.ActiveCfg = Release|Any CPU
		{44A560E5-C73F-438C-9A8A-2CF269E212B3}.Release|Any CPU.Build.0 = Release|Any CPU
	EndGlobalSection
	GlobalSection(SolutionProperties) = preSolution
		HideSolutionNode = FALSE
	EndGlobalSection
	GlobalSection(ExtensibilityGlobals) = postSolution
		SolutionGuid = {E59E6000-5353-46A0-8396-BAD68F3B8D1C}
	EndGlobalSection
EndGlobal
